
Microsoft Visual Studio Solution File, Format Version 12.00
# Visual Studio Version 17
VisualStudioVersion = 17.14.37111.16 d17.14
MinimumVisualStudioVersion = 10.0.40219.1
Project("{FAE04EC0-301F-11D3-BF4B-00C04F79EFBC}") = "DataApiServiceForm", "DataApiServiceForm.csproj", "{A638A985-64A4-4A78-A1A7-48331C5A961A}"
EndProject
Global
	GlobalSection(SolutionConfigurationPlatforms) = preSolution
		Debug|Any CPU = Debug|Any CPU
		Release|Any CPU = Release|Any CPU
	EndGlobalSection
	GlobalSection(ProjectConfigurationPlatforms) = postSolution
		{A638A985-64A4-4A78-A1A7-48331C5A961A}.Debug|Any CPU.ActiveCfg = Debug|Any CPU
		{A638A985-64A4-4A78-A1A7-48331C5A961A}.Debug|Any CPU.Build.0 = Debug|Any CPU
		{A638A985-64A4-4A78-A1A7-48331C5A961A}.Release|Any CPU.ActiveCfg = Release|Any CPU
		{A638A985-64A4-4A78-A1A7-48331C5A961A}.Release|Any CPU.Build.0 = Release|Any CPU
	EndGlobalSection
	GlobalSection(SolutionProperties) = preSolution
		HideSolutionNode = FALSE
	EndGlobalSection
	GlobalSection(ExtensibilityGlobals) = postSolution
		SolutionGuid = {25F2B4F7-FA33-4B72-924D-CC36377E182F}
	EndGlobalSection
EndGlobal
